
Microsoft Visual Studio Solution File, Format Version 12.00
# Visual Studio Version 17
VisualStudioVersion = 17.9.34902.65
MinimumVisualStudioVersion = 10.0.40219.1
Project("{FAE04EC0-301F-11D3-BF4B-00C04F79EFBC}") = "MergeImagesLogFast", "MergeImagesLogFast.csproj", "{01CE6A97-26E1-431E-B84F-3A9784DAE9E7}"
EndProject
Global
	GlobalSection(SolutionConfigurationPlatforms) = preSolution
		Debug|Any CPU = Debug|Any CPU
		Release|Any CPU = Release|Any CPU
	EndGlobalSection
	GlobalSection(ProjectConfigurationPlatforms) = postSolution
		{01CE6A97-26E1-431E-B84F-3A9784DAE9E7}.Debug|Any CPU.ActiveCfg = Debug|Any CPU
		{01CE6A97-26E1-431E-B84F-3A9784DAE9E7}.Debug|Any CPU.Build.0 = Debug|Any CPU
		{01CE6A97-26E1-431E-B84F-3A9784DAE9E7}.Release|Any CPU.ActiveCfg = Release|Any CPU
		{01CE6A97-26E1-431E-B84F-3A9784DAE9E7}.Release|Any CPU.Build.0 = Release|Any CPU
	EndGlobalSection
	GlobalSection(SolutionProperties) = preSolution
		HideSolutionNode = FALSE
	EndGlobalSection
	GlobalSection(ExtensibilityGlobals) = postSolution
		SolutionGuid = {D8EA1E80-075E-4D98-AA61-285AA96845E5}
	EndGlobalSection
EndGlobal
